
Microsoft Visual Studio Solution File, Format Version 12.00
# Visual Studio 15
VisualStudioVersion = 15.0.28307.489
MinimumVisualStudioVersion = 10.0.40219.1
Project("{FAE04EC0-301F-11D3-BF4B-00C04F79EFBC}") = "BiluthyrningApp", "BiluthyrningApp\BiluthyrningApp.csproj", "{152C727A-B72B-4036-8267-DB4378511200}"
EndProject
Global
	GlobalSection(SolutionConfigurationPlatforms) = preSolution
		Debug|Any CPU = Debug|Any CPU
		Release|Any CPU = Release|Any CPU
	EndGlobalSection
	GlobalSection(ProjectConfigurationPlatforms) = postSolution
		{152C727A-B72B-4036-8267-DB4378511200}.Debug|Any CPU.ActiveCfg = Debug|Any CPU
		{152C727A-B72B-4036-8267-DB4378511200}.Debug|Any CPU.Build.0 = Debug|Any CPU
		{152C727A-B72B-4036-8267-DB4378511200}.Release|Any CPU.ActiveCfg = Release|Any CPU
		{152C727A-B72B-4036-8267-DB4378511200}.Release|Any CPU.Build.0 = Release|Any CPU
	EndGlobalSection
	GlobalSection(SolutionProperties) = preSolution
		HideSolutionNode = FALSE
	EndGlobalSection
	GlobalSection(ExtensibilityGlobals) = postSolution
		SolutionGuid = {255C6C56-6F18-4DB7-B940-3563FAA35E95}
	EndGlobalSection
EndGlobal
